
Microsoft Visual Studio Solution File, Format Version 12.00
Project("{FAE04EC0-301F-11D3-BF4B-00C04F79EFBC}") = "Sandbox", "Sandbox\Sandbox.csproj", "{613C3E4B-C2F2-4092-88A6-004A4E166C37}"
EndProject
Project("{FAE04EC0-301F-11D3-BF4B-00C04F79EFBC}") = "SandboxTests", "SandboxTests\SandboxTests.csproj", "{8E434E9F-3FBE-4E64-8440-9D0BC284241E}"
EndProject
Global
	GlobalSection(SolutionConfigurationPlatforms) = preSolution
		Debug|Any CPU = Debug|Any CPU
		Release|Any CPU = Release|Any CPU
	EndGlobalSection
	GlobalSection(ProjectConfigurationPlatforms) = postSolution
		{613C3E4B-C2F2-4092-88A6-004A4E166C37}.Debug|Any CPU.ActiveCfg = Debug|Any CPU
		{613C3E4B-C2F2-4092-88A6-004A4E166C37}.Debug|Any CPU.Build.0 = Debug|Any CPU
		{613C3E4B-C2F2-4092-88A6-004A4E166C37}.Release|Any CPU.ActiveCfg = Release|Any CPU
		{613C3E4B-C2F2-4092-88A6-004A4E166C37}.Release|Any CPU.Build.0 = Release|Any CPU
		{8E434E9F-3FBE-4E64-8440-9D0BC284241E}.Debug|Any CPU.ActiveCfg = Debug|Any CPU
		{8E434E9F-3FBE-4E64-8440-9D0BC284241E}.Debug|Any CPU.Build.0 = Debug|Any CPU
		{8E434E9F-3FBE-4E64-8440-9D0BC284241E}.Release|Any CPU.ActiveCfg = Release|Any CPU
		{8E434E9F-3FBE-4E64-8440-9D0BC284241E}.Release|Any CPU.Build.0 = Release|Any CPU
	EndGlobalSection
EndGlobal
